// !$*UTF8*$!
{
	archiveVersion = 1;
	classes = {
	};
	objectVersion = 46;
	objects = {

/* Begin PBXBuildFile section */
		D47805151F2CBC6E00CE24E1 /* main.m in Sources */ = {isa = PBXBuildFile; fileRef = D47805141F2CBC6E00CE24E1 /* main.m */; };
		D47805181F2CBC6E00CE24E1 /* AppDelegate.m in Sources */ = {isa = PBXBuildFile; fileRef = D47805171F2CBC6E00CE24E1 /* AppDelegate.m */; };
		D478051B1F2CBC6E00CE24E1 /* ViewController.m in Sources */ = {isa = PBXBuildFile; fileRef = D478051A1F2CBC6E00CE24E1 /* ViewController.m */; };
		D478051E1F2CBC6E00CE24E1 /* Main.storyboard in Resources */ = {isa = PBXBuildFile; fileRef = D478051C1F2CBC6E00CE24E1 /* Main.storyboard */; };
		D47805201F2CBC6E00CE24E1 /* Assets.xcassets in Resources */ = {isa = PBXBuildFile; fileRef = D478051F1F2CBC6E00CE24E1 /* Assets.xcassets */; };
		D47805231F2CBC6E00CE24E1 /* LaunchScreen.storyboard in Resources */ = {isa = PBXBuildFile; fileRef = D47805211F2CBC6E00CE24E1 /* LaunchScreen.storyboard */; };
		D478052E1F2CBC6E00CE24E1 /* iBackPackTests.m in Sources */ = {isa = PBXBuildFile; fileRef = D478052D1F2CBC6E00CE24E1 /* iBackPackTests.m */; };
		D47805391F2CBC6F00CE24E1 /* iBackPackUITests.m in Sources */ = {isa = PBXBuildFile; fileRef = D47805381F2CBC6F00CE24E1 /* iBackPackUITests.m */; };
		D47806101F2CC0BE00CE24E1 /* GothamRnd-Bold.otf in Resources */ = {isa = PBXBuildFile; fileRef = D47805D21F2CC0BE00CE24E1 /* GothamRnd-Bold.otf */; };
		D47806111F2CC0BE00CE24E1 /* GothamRnd-Book.otf in Resources */ = {isa = PBXBuildFile; fileRef = D47805D31F2CC0BE00CE24E1 /* GothamRnd-Book.otf */; };
		D47806121F2CC0BE00CE24E1 /* GothamRnd-Medium.otf in Resources */ = {isa = PBXBuildFile; fileRef = D47805D41F2CC0BE00CE24E1 /* GothamRnd-Medium.otf */; };
		D47806441F2CD1F700CE24E1 /* RKSwipeBetweenViewControllers.m in Sources */ = {isa = PBXBuildFile; fileRef = D47806431F2CD1F700CE24E1 /* RKSwipeBetweenViewControllers.m */; };
		D47806491F2CD31000CE24E1 /* iCarousel.m in Sources */ = {isa = PBXBuildFile; fileRef = D47806471F2CD31000CE24E1 /* iCarousel.m */; };
		D478064A1F2CD31000CE24E1 /* Info.plist in Resources */ = {isa = PBXBuildFile; fileRef = D47806481F2CD31000CE24E1 /* Info.plist */; };
		D47806551F2CD40900CE24E1 /* HTHorizontalSelectionListCustomViewCell.m in Sources */ = {isa = PBXBuildFile; fileRef = D478064F1F2CD40900CE24E1 /* HTHorizontalSelectionListCustomViewCell.m */; };
		D47806561F2CD40900CE24E1 /* HTHorizontalSelectionListLabelCell.m in Sources */ = {isa = PBXBuildFile; fileRef = D47806511F2CD40900CE24E1 /* HTHorizontalSelectionListLabelCell.m */; };
		D47806571F2CD40900CE24E1 /* HTHorizontalSelectionList.m in Sources */ = {isa = PBXBuildFile; fileRef = D47806531F2CD40900CE24E1 /* HTHorizontalSelectionList.m */; };
		D478065C1F2CD46800CE24E1 /* AgendaBookHomeViewController.m in Sources */ = {isa = PBXBuildFile; fileRef = D478065B1F2CD46800CE24E1 /* AgendaBookHomeViewController.m */; };
		D47806621F2CD8FF00CE24E1 /* M13BadgeView.m in Sources */ = {isa = PBXBuildFile; fileRef = D47806611F2CD8FF00CE24E1 /* M13BadgeView.m */; };
/* End PBXBuildFile section */

/* Begin PBXContainerItemProxy section */
		D478052A1F2CBC6E00CE24E1 /* PBXContainerItemProxy */ = {
			isa = PBXContainerItemProxy;
			containerPortal = D47805081F2CBC6E00CE24E1 /* Project object */;
			proxyType = 1;
			remoteGlobalIDString = D478050F1F2CBC6E00CE24E1;
			remoteInfo = iBackPack;
		};
		D47805351F2CBC6F00CE24E1 /* PBXContainerItemProxy */ = {
			isa = PBXContainerItemProxy;
			containerPortal = D47805081F2CBC6E00CE24E1 /* Project object */;
			proxyType = 1;
			remoteGlobalIDString = D478050F1F2CBC6E00CE24E1;
			remoteInfo = iBackPack;
		};
/* End PBXContainerItemProxy section */

/* Begin PBXFileReference section */
		D47805101F2CBC6E00CE24E1 /* iBackPack.app */ = {isa = PBXFileReference; explicitFileType = wrapper.application; includeInIndex = 0; path = iBackPack.app; sourceTree = BUILT_PRODUCTS_DIR; };
		D47805141F2CBC6E00CE24E1 /* main.m */ = {isa = PBXFileReference; lastKnownFileType = sourcecode.c.objc; path = main.m; sourceTree = "<group>"; };
		D47805161F2CBC6E00CE24E1 /* AppDelegate.h */ = {isa = PBXFileReference; lastKnownFileType = sourcecode.c.h; path = AppDelegate.h; sourceTree = "<group>"; };
		D47805171F2CBC6E00CE24E1 /* AppDelegate.m */ = {isa = PBXFileReference; lastKnownFileType = sourcecode.c.objc; path = AppDelegate.m; sourceTree = "<group>"; };
		D47805191F2CBC6E00CE24E1 /* ViewController.h */ = {isa = PBXFileReference; lastKnownFileType = sourcecode.c.h; path = ViewController.h; sourceTree = "<group>"; };
		D478051A1F2CBC6E00CE24E1 /* ViewController.m */ = {isa = PBXFileReference; lastKnownFileType = sourcecode.c.objc; path = ViewController.m; sourceTree = "<group>"; };
		D478051D1F2CBC6E00CE24E1 /* Base */ = {isa = PBXFileReference; lastKnownFileType = file.storyboard; name = Base; path = Base.lproj/Main.storyboard; sourceTree = "<group>"; };
		D478051F1F2CBC6E00CE24E1 /* Assets.xcassets */ = {isa = PBXFileReference; lastKnownFileType = folder.assetcatalog; path = Assets.xcassets; sourceTree = "<group>"; };
		D47805221F2CBC6E00CE24E1 /* Base */ = {isa = PBXFileReference; lastKnownFileType = file.storyboard; name = Base; path = Base.lproj/LaunchScreen.storyboard; sourceTree = "<group>"; };
		D47805241F2CBC6E00CE24E1 /* Info.plist */ = {isa = PBXFileReference; lastKnownFileType = text.plist.xml; path = Info.plist; sourceTree = "<group>"; };
		D47805291F2CBC6E00CE24E1 /* iBackPackTests.xctest */ = {isa = PBXFileReference; explicitFileType = wrapper.cfbundle; includeInIndex = 0; path = iBackPackTests.xctest; sourceTree = BUILT_PRODUCTS_DIR; };
		D478052D1F2CBC6E00CE24E1 /* iBackPackTests.m */ = {isa = PBXFileReference; lastKnownFileType = sourcecode.c.objc; path = iBackPackTests.m; sourceTree = "<group>"; };
		D478052F1F2CBC6F00CE24E1 /* Info.plist */ = {isa = PBXFileReference; lastKnownFileType = text.plist.xml; path = Info.plist; sourceTree = "<group>"; };
		D47805341F2CBC6F00CE24E1 /* iBackPackUITests.xctest */ = {isa = PBXFileReference; explicitFileType = wrapper.cfbundle; includeInIndex = 0; path = iBackPackUITests.xctest; sourceTree = BUILT_PRODUCTS_DIR; };
		D47805381F2CBC6F00CE24E1 /* iBackPackUITests.m */ = {isa = PBXFileReference; lastKnownFileType = sourcecode.c.objc; path = iBackPackUITests.m; sourceTree = "<group>"; };
		D478053A1F2CBC6F00CE24E1 /* Info.plist */ = {isa = PBXFileReference; lastKnownFileType = text.plist.xml; path = Info.plist; sourceTree = "<group>"; };
		D47805D21F2CC0BE00CE24E1 /* GothamRnd-Bold.otf */ = {isa = PBXFileReference; lastKnownFileType = file; path = "GothamRnd-Bold.otf"; sourceTree = "<group>"; };
		D47805D31F2CC0BE00CE24E1 /* GothamRnd-Book.otf */ = {isa = PBXFileReference; lastKnownFileType = file; path = "GothamRnd-Book.otf"; sourceTree = "<group>"; };
		D47805D41F2CC0BE00CE24E1 /* GothamRnd-Medium.otf */ = {isa = PBXFileReference; lastKnownFileType = file; path = "GothamRnd-Medium.otf"; sourceTree = "<group>"; };
		D47806421F2CD1F700CE24E1 /* RKSwipeBetweenViewControllers.h */ = {isa = PBXFileReference; fileEncoding = 4; lastKnownFileType = sourcecode.c.h; path = RKSwipeBetweenViewControllers.h; sourceTree = "<group>"; };
		D47806431F2CD1F700CE24E1 /* RKSwipeBetweenViewControllers.m */ = {isa = PBXFileReference; fileEncoding = 4; lastKnownFileType = sourcecode.c.objc; path = RKSwipeBetweenViewControllers.m; sourceTree = "<group>"; };
		D47806461F2CD31000CE24E1 /* iCarousel.h */ = {isa = PBXFileReference; fileEncoding = 4; lastKnownFileType = sourcecode.c.h; path = iCarousel.h; sourceTree = "<group>"; };
		D47806471F2CD31000CE24E1 /* iCarousel.m */ = {isa = PBXFileReference; fileEncoding = 4; lastKnownFileType = sourcecode.c.objc; path = iCarousel.m; sourceTree = "<group>"; };
		D47806481F2CD31000CE24E1 /* Info.plist */ = {isa = PBXFileReference; fileEncoding = 4; lastKnownFileType = text.plist.xml; path = Info.plist; sourceTree = "<group>"; };
		D478064D1F2CD40900CE24E1 /* HTHorizontalSelectionListCell.h */ = {isa = PBXFileReference; fileEncoding = 4; lastKnownFileType = sourcecode.c.h; path = HTHorizontalSelectionListCell.h; sourceTree = "<group>"; };
		D478064E1F2CD40900CE24E1 /* HTHorizontalSelectionListCustomViewCell.h */ = {isa = PBXFileReference; fileEncoding = 4; lastKnownFileType = sourcecode.c.h; path = HTHorizontalSelectionListCustomViewCell.h; sourceTree = "<group>"; };
		D478064F1F2CD40900CE24E1 /* HTHorizontalSelectionListCustomViewCell.m */ = {isa = PBXFileReference; fileEncoding = 4; lastKnownFileType = sourcecode.c.objc; path = HTHorizontalSelectionListCustomViewCell.m; sourceTree = "<group>"; };
		D47806501F2CD40900CE24E1 /* HTHorizontalSelectionListLabelCell.h */ = {isa = PBXFileReference; fileEncoding = 4; lastKnownFileType = sourcecode.c.h; path = HTHorizontalSelectionListLabelCell.h; sourceTree = "<group>"; };
		D47806511F2CD40900CE24E1 /* HTHorizontalSelectionListLabelCell.m */ = {isa = PBXFileReference; fileEncoding = 4; lastKnownFileType = sourcecode.c.objc; path = HTHorizontalSelectionListLabelCell.m; sourceTree = "<group>"; };
		D47806521F2CD40900CE24E1 /* HTHorizontalSelectionList.h */ = {isa = PBXFileReference; fileEncoding = 4; lastKnownFileType = sourcecode.c.h; path = HTHorizontalSelectionList.h; sourceTree = "<group>"; };
		D47806531F2CD40900CE24E1 /* HTHorizontalSelectionList.m */ = {isa = PBXFileReference; fileEncoding = 4; lastKnownFileType = sourcecode.c.objc; path = HTHorizontalSelectionList.m; sourceTree = "<group>"; };
		D478065A1F2CD46800CE24E1 /* AgendaBookHomeViewController.h */ = {isa = PBXFileReference; fileEncoding = 4; lastKnownFileType = sourcecode.c.h; path = AgendaBookHomeViewController.h; sourceTree = "<group>"; };
		D478065B1F2CD46800CE24E1 /* AgendaBookHomeViewController.m */ = {isa = PBXFileReference; fileEncoding = 4; lastKnownFileType = sourcecode.c.objc; path = AgendaBookHomeViewController.m; sourceTree = "<group>"; };
		D478065D1F2CD6FC00CE24E1 /* Constants.h */ = {isa = PBXFileReference; lastKnownFileType = sourcecode.c.h; path = Constants.h; sourceTree = "<group>"; };
		D478065E1F2CD71600CE24E1 /* PrefixHeader.pch */ = {isa = PBXFileReference; lastKnownFileType = sourcecode.c.h; path = PrefixHeader.pch; sourceTree = "<group>"; };
		D47806601F2CD8FF00CE24E1 /* M13BadgeView.h */ = {isa = PBXFileReference; fileEncoding = 4; lastKnownFileType = sourcecode.c.h; path = M13BadgeView.h; sourceTree = "<group>"; };
		D47806611F2CD8FF00CE24E1 /* M13BadgeView.m */ = {isa = PBXFileReference; fileEncoding = 4; lastKnownFileType = sourcecode.c.objc; path = M13BadgeView.m; sourceTree = "<group>"; };
/* End PBXFileReference section */

/* Begin PBXFrameworksBuildPhase section */
		D478050D1F2CBC6E00CE24E1 /* Frameworks */ = {
			isa = PBXFrameworksBuildPhase;
			buildActionMask = 2147483647;
			files = (
			);
			runOnlyForDeploymentPostprocessing = 0;
		};
		D47805261F2CBC6E00CE24E1 /* Frameworks */ = {
			isa = PBXFrameworksBuildPhase;
			buildActionMask = 2147483647;
			files = (
			);
			runOnlyForDeploymentPostprocessing = 0;
		};
		D47805311F2CBC6F00CE24E1 /* Frameworks */ = {
			isa = PBXFrameworksBuildPhase;
			buildActionMask = 2147483647;
			files = (
			);
			runOnlyForDeploymentPostprocessing = 0;
		};
/* End PBXFrameworksBuildPhase section */

/* Begin PBXGroup section */
		D47805071F2CBC6E00CE24E1 = {
			isa = PBXGroup;
			children = (
				D47805121F2CBC6E00CE24E1 /* iBackPack */,
				D478052C1F2CBC6E00CE24E1 /* iBackPackTests */,
				D47805371F2CBC6F00CE24E1 /* iBackPackUITests */,
				D47805111F2CBC6E00CE24E1 /* Products */,
			);
			sourceTree = "<group>";
		};
		D47805111F2CBC6E00CE24E1 /* Products */ = {
			isa = PBXGroup;
			children = (
				D47805101F2CBC6E00CE24E1 /* iBackPack.app */,
				D47805291F2CBC6E00CE24E1 /* iBackPackTests.xctest */,
				D47805341F2CBC6F00CE24E1 /* iBackPackUITests.xctest */,
			);
			name = Products;
			sourceTree = "<group>";
		};
		D47805121F2CBC6E00CE24E1 /* iBackPack */ = {
			isa = PBXGroup;
			children = (
				D47806591F2CD45400CE24E1 /* AgendaBook */,
				D47806401F2CD1EC00CE24E1 /* Library */,
				D47805C31F2CC0BE00CE24E1 /* Resources */,
				D47805161F2CBC6E00CE24E1 /* AppDelegate.h */,
				D47805171F2CBC6E00CE24E1 /* AppDelegate.m */,
				D47805191F2CBC6E00CE24E1 /* ViewController.h */,
				D478051A1F2CBC6E00CE24E1 /* ViewController.m */,
				D478051C1F2CBC6E00CE24E1 /* Main.storyboard */,
				D478051F1F2CBC6E00CE24E1 /* Assets.xcassets */,
				D47805211F2CBC6E00CE24E1 /* LaunchScreen.storyboard */,
				D47805241F2CBC6E00CE24E1 /* Info.plist */,
				D47805131F2CBC6E00CE24E1 /* Supporting Files */,
			);
			path = iBackPack;
			sourceTree = "<group>";
		};
		D47805131F2CBC6E00CE24E1 /* Supporting Files */ = {
			isa = PBXGroup;
			children = (
				D47805141F2CBC6E00CE24E1 /* main.m */,
				D478065D1F2CD6FC00CE24E1 /* Constants.h */,
				D478065E1F2CD71600CE24E1 /* PrefixHeader.pch */,
			);
			name = "Supporting Files";
			sourceTree = "<group>";
		};
		D478052C1F2CBC6E00CE24E1 /* iBackPackTests */ = {
			isa = PBXGroup;
			children = (
				D478052D1F2CBC6E00CE24E1 /* iBackPackTests.m */,
				D478052F1F2CBC6F00CE24E1 /* Info.plist */,
			);
			path = iBackPackTests;
			sourceTree = "<group>";
		};
		D47805371F2CBC6F00CE24E1 /* iBackPackUITests */ = {
			isa = PBXGroup;
			children = (
				D47805381F2CBC6F00CE24E1 /* iBackPackUITests.m */,
				D478053A1F2CBC6F00CE24E1 /* Info.plist */,
			);
			path = iBackPackUITests;
			sourceTree = "<group>";
		};
		D47805C31F2CC0BE00CE24E1 /* Resources */ = {
			isa = PBXGroup;
			children = (
				D47805D21F2CC0BE00CE24E1 /* GothamRnd-Bold.otf */,
				D47805D31F2CC0BE00CE24E1 /* GothamRnd-Book.otf */,
				D47805D41F2CC0BE00CE24E1 /* GothamRnd-Medium.otf */,
			);
			path = Resources;
			sourceTree = "<group>";
		};
		D47806401F2CD1EC00CE24E1 /* Library */ = {
			isa = PBXGroup;
			children = (
				D478065F1F2CD8FF00CE24E1 /* M13BadgeView */,
				D478064B1F2CD40900CE24E1 /* HorizontalSelectionList */,
				D47806451F2CD31000CE24E1 /* iCarousel */,
				D47806411F2CD1EC00CE24E1 /* SwipViewController */,
			);
			path = Library;
			sourceTree = "<group>";
		};
		D47806411F2CD1EC00CE24E1 /* SwipViewController */ = {
			isa = PBXGroup;
			children = (
				D47806421F2CD1F700CE24E1 /* RKSwipeBetweenViewControllers.h */,
				D47806431F2CD1F700CE24E1 /* RKSwipeBetweenViewControllers.m */,
			);
			path = SwipViewController;
			sourceTree = "<group>";
		};
		D47806451F2CD31000CE24E1 /* iCarousel */ = {
			isa = PBXGroup;
			children = (
				D47806461F2CD31000CE24E1 /* iCarousel.h */,
				D47806471F2CD31000CE24E1 /* iCarousel.m */,
				D47806481F2CD31000CE24E1 /* Info.plist */,
			);
			path = iCarousel;
			sourceTree = "<group>";
		};
		D478064B1F2CD40900CE24E1 /* HorizontalSelectionList */ = {
			isa = PBXGroup;
			children = (
				D478064C1F2CD40900CE24E1 /* Cells */,
				D47806521F2CD40900CE24E1 /* HTHorizontalSelectionList.h */,
				D47806531F2CD40900CE24E1 /* HTHorizontalSelectionList.m */,
			);
			name = HorizontalSelectionList;
			path = Source;
			sourceTree = "<group>";
		};
		D478064C1F2CD40900CE24E1 /* Cells */ = {
			isa = PBXGroup;
			children = (
				D478064D1F2CD40900CE24E1 /* HTHorizontalSelectionListCell.h */,
				D478064E1F2CD40900CE24E1 /* HTHorizontalSelectionListCustomViewCell.h */,
				D478064F1F2CD40900CE24E1 /* HTHorizontalSelectionListCustomViewCell.m */,
				D47806501F2CD40900CE24E1 /* HTHorizontalSelectionListLabelCell.h */,
				D47806511F2CD40900CE24E1 /* HTHorizontalSelectionListLabelCell.m */,
			);
			path = Cells;
			sourceTree = "<group>";
		};
		D47806591F2CD45400CE24E1 /* AgendaBook */ = {
			isa = PBXGroup;
			children = (
				D478065A1F2CD46800CE24E1 /* AgendaBookHomeViewController.h */,
				D478065B1F2CD46800CE24E1 /* AgendaBookHomeViewController.m */,
			);
			name = AgendaBook;
			sourceTree = "<group>";
		};
		D478065F1F2CD8FF00CE24E1 /* M13BadgeView */ = {
			isa = PBXGroup;
			children = (
				D47806601F2CD8FF00CE24E1 /* M13BadgeView.h */,
				D47806611F2CD8FF00CE24E1 /* M13BadgeView.m */,
			);
			name = M13BadgeView;
			path = Classes;
			sourceTree = "<group>";
		};
/* End PBXGroup section */

/* Begin PBXNativeTarget section */
		D478050F1F2CBC6E00CE24E1 /* iBackPack */ = {
			isa = PBXNativeTarget;
			buildConfigurationList = D478053D1F2CBC6F00CE24E1 /* Build configuration list for PBXNativeTarget "iBackPack" */;
			buildPhases = (
				D478050C1F2CBC6E00CE24E1 /* Sources */,
				D478050D1F2CBC6E00CE24E1 /* Frameworks */,
				D478050E1F2CBC6E00CE24E1 /* Resources */,
			);
			buildRules = (
			);
			dependencies = (
			);
			name = iBackPack;
			productName = iBackPack;
			productReference = D47805101F2CBC6E00CE24E1 /* iBackPack.app */;
			productType = "com.apple.product-type.application";
		};
		D47805281F2CBC6E00CE24E1 /* iBackPackTests */ = {
			isa = PBXNativeTarget;
			buildConfigurationList = D47805401F2CBC6F00CE24E1 /* Build configuration list for PBXNativeTarget "iBackPackTests" */;
			buildPhases = (
				D47805251F2CBC6E00CE24E1 /* Sources */,
				D47805261F2CBC6E00CE24E1 /* Frameworks */,
				D47805271F2CBC6E00CE24E1 /* Resources */,
			);
			buildRules = (
			);
			dependencies = (
				D478052B1F2CBC6E00CE24E1 /* PBXTargetDependency */,
			);
			name = iBackPackTests;
			productName = iBackPackTests;
			productReference = D47805291F2CBC6E00CE24E1 /* iBackPackTests.xctest */;
			productType = "com.apple.product-type.bundle.unit-test";
		};
		D47805331F2CBC6F00CE24E1 /* iBackPackUITests */ = {
			isa = PBXNativeTarget;
			buildConfigurationList = D47805431F2CBC6F00CE24E1 /* Build configuration list for PBXNativeTarget "iBackPackUITests" */;
			buildPhases = (
				D47805301F2CBC6F00CE24E1 /* Sources */,
				D47805311F2CBC6F00CE24E1 /* Frameworks */,
				D47805321F2CBC6F00CE24E1 /* Resources */,
			);
			buildRules = (
			);
			dependencies = (
				D47805361F2CBC6F00CE24E1 /* PBXTargetDependency */,
			);
			name = iBackPackUITests;
			productName = iBackPackUITests;
			productReference = D47805341F2CBC6F00CE24E1 /* iBackPackUITests.xctest */;
			productType = "com.apple.product-type.bundle.ui-testing";
		};
/* End PBXNativeTarget section */

/* Begin PBXProject section */
		D47805081F2CBC6E00CE24E1 /* Project object */ = {
			isa = PBXProject;
			attributes = {
				LastUpgradeCheck = 0830;
				ORGANIZATIONNAME = "Dipen Sekhsaria";
				TargetAttributes = {
					D478050F1F2CBC6E00CE24E1 = {
						CreatedOnToolsVersion = 8.3.3;
						ProvisioningStyle = Manual;
					};
					D47805281F2CBC6E00CE24E1 = {
						CreatedOnToolsVersion = 8.3.3;
						DevelopmentTeam = CZA6DXR72T;
						ProvisioningStyle = Automatic;
						TestTargetID = D478050F1F2CBC6E00CE24E1;
					};
					D47805331F2CBC6F00CE24E1 = {
						CreatedOnToolsVersion = 8.3.3;
						DevelopmentTeam = CZA6DXR72T;
						ProvisioningStyle = Automatic;
						TestTargetID = D478050F1F2CBC6E00CE24E1;
					};
				};
			};
			buildConfigurationList = D478050B1F2CBC6E00CE24E1 /* Build configuration list for PBXProject "iBackPack" */;
			compatibilityVersion = "Xcode 3.2";
			developmentRegion = English;
			hasScannedForEncodings = 0;
			knownRegions = (
				en,
				Base,
			);
			mainGroup = D47805071F2CBC6E00CE24E1;
			productRefGroup = D47805111F2CBC6E00CE24E1 /* Products */;
			projectDirPath = "";
			projectRoot = "";
			targets = (
				D478050F1F2CBC6E00CE24E1 /* iBackPack */,
				D47805281F2CBC6E00CE24E1 /* iBackPackTests */,
				D47805331F2CBC6F00CE24E1 /* iBackPackUITests */,
			);
		};
/* End PBXProject section */

/* Begin PBXResourcesBuildPhase section */
		D478050E1F2CBC6E00CE24E1 /* Resources */ = {
			isa = PBXResourcesBuildPhase;
			buildActionMask = 2147483647;
			files = (
				D47805231F2CBC6E00CE24E1 /* LaunchScreen.storyboard in Resources */,
				D47805201F2CBC6E00CE24E1 /* Assets.xcassets in Resources */,
				D478051E1F2CBC6E00CE24E1 /* Main.storyboard in Resources */,
				D47806121F2CC0BE00CE24E1 /* GothamRnd-Medium.otf in Resources */,
				D47806111F2CC0BE00CE24E1 /* GothamRnd-Book.otf in Resources */,
				D47806101F2CC0BE00CE24E1 /* GothamRnd-Bold.otf in Resources */,
				D478064A1F2CD31000CE24E1 /* Info.plist in Resources */,
			);
			runOnlyForDeploymentPostprocessing = 0;
		};
		D47805271F2CBC6E00CE24E1 /* Resources */ = {
			isa = PBXResourcesBuildPhase;
			buildActionMask = 2147483647;
			files = (
			);
			runOnlyForDeploymentPostprocessing = 0;
		};
		D47805321F2CBC6F00CE24E1 /* Resources */ = {
			isa = PBXResourcesBuildPhase;
			buildActionMask = 2147483647;
			files = (
			);
			runOnlyForDeploymentPostprocessing = 0;
		};
/* End PBXResourcesBuildPhase section */

/* Begin PBXSourcesBuildPhase section */
		D478050C1F2CBC6E00CE24E1 /* Sources */ = {
			isa = PBXSourcesBuildPhase;
			buildActionMask = 2147483647;
			files = (
				D478051B1F2CBC6E00CE24E1 /* ViewController.m in Sources */,
				D47806491F2CD31000CE24E1 /* iCarousel.m in Sources */,
				D478065C1F2CD46800CE24E1 /* AgendaBookHomeViewController.m in Sources */,
				D47806551F2CD40900CE24E1 /* HTHorizontalSelectionListCustomViewCell.m in Sources */,
				D47805181F2CBC6E00CE24E1 /* AppDelegate.m in Sources */,
				D47806561F2CD40900CE24E1 /* HTHorizontalSelectionListLabelCell.m in Sources */,
				D47805151F2CBC6E00CE24E1 /* main.m in Sources */,
				D47806571F2CD40900CE24E1 /* HTHorizontalSelectionList.m in Sources */,
				D47806621F2CD8FF00CE24E1 /* M13BadgeView.m in Sources */,
				D47806441F2CD1F700CE24E1 /* RKSwipeBetweenViewControllers.m in Sources */,
			);
			runOnlyForDeploymentPostprocessing = 0;
		};
		D47805251F2CBC6E00CE24E1 /* Sources */ = {
			isa = PBXSourcesBuildPhase;
			buildActionMask = 2147483647;
			files = (
				D478052E1F2CBC6E00CE24E1 /* iBackPackTests.m in Sources */,
			);
			runOnlyForDeploymentPostprocessing = 0;
		};
		D47805301F2CBC6F00CE24E1 /* Sources */ = {
			isa = PBXSourcesBuildPhase;
			buildActionMask = 2147483647;
			files = (
				D47805391F2CBC6F00CE24E1 /* iBackPackUITests.m in Sources */,
			);
			runOnlyForDeploymentPostprocessing = 0;
		};
/* End PBXSourcesBuildPhase section */

/* Begin PBXTargetDependency section */
		D478052B1F2CBC6E00CE24E1 /* PBXTargetDependency */ = {
			isa = PBXTargetDependency;
			target = D478050F1F2CBC6E00CE24E1 /* iBackPack */;
			targetProxy = D478052A1F2CBC6E00CE24E1 /* PBXContainerItemProxy */;
		};
		D47805361F2CBC6F00CE24E1 /* PBXTargetDependency */ = {
			isa = PBXTargetDependency;
			target = D478050F1F2CBC6E00CE24E1 /* iBackPack */;
			targetProxy = D47805351F2CBC6F00CE24E1 /* PBXContainerItemProxy */;
		};
/* End PBXTargetDependency section */

/* Begin PBXVariantGroup section */
		D478051C1F2CBC6E00CE24E1 /* Main.storyboard */ = {
			isa = PBXVariantGroup;
			children = (
				D478051D1F2CBC6E00CE24E1 /* Base */,
			);
			name = Main.storyboard;
			sourceTree = "<group>";
		};
		D47805211F2CBC6E00CE24E1 /* LaunchScreen.storyboard */ = {
			isa = PBXVariantGroup;
			children = (
				D47805221F2CBC6E00CE24E1 /* Base */,
			);
			name = LaunchScreen.storyboard;
			sourceTree = "<group>";
		};
/* End PBXVariantGroup section */

/* Begin XCBuildConfiguration section */
		D478053B1F2CBC6F00CE24E1 /* Debug */ = {
			isa = XCBuildConfiguration;
			buildSettings = {
				ALWAYS_SEARCH_USER_PATHS = NO;
				CLANG_ANALYZER_NONNULL = YES;
				CLANG_ANALYZER_NUMBER_OBJECT_CONVERSION = YES_AGGRESSIVE;
				CLANG_CXX_LANGUAGE_STANDARD = "gnu++0x";
				CLANG_CXX_LIBRARY = "libc++";
				CLANG_ENABLE_MODULES = YES;
				CLANG_ENABLE_OBJC_ARC = YES;
				CLANG_WARN_BOOL_CONVERSION = YES;
				CLANG_WARN_CONSTANT_CONVERSION = YES;
				CLANG_WARN_DIRECT_OBJC_ISA_USAGE = YES_ERROR;
				CLANG_WARN_DOCUMENTATION_COMMENTS = YES;
				CLANG_WARN_EMPTY_BODY = YES;
				CLANG_WARN_ENUM_CONVERSION = YES;
				CLANG_WARN_INFINITE_RECURSION = YES;
				CLANG_WARN_INT_CONVERSION = YES;
				CLANG_WARN_OBJC_ROOT_CLASS = YES_ERROR;
				CLANG_WARN_SUSPICIOUS_MOVE = YES;
				CLANG_WARN_UNREACHABLE_CODE = YES;
				CLANG_WARN__DUPLICATE_METHOD_MATCH = YES;
				"CODE_SIGN_IDENTITY[sdk=iphoneos*]" = "iPhone Developer";
				COPY_PHASE_STRIP = NO;
				DEBUG_INFORMATION_FORMAT = dwarf;
				ENABLE_STRICT_OBJC_MSGSEND = YES;
				ENABLE_TESTABILITY = YES;
				GCC_C_LANGUAGE_STANDARD = gnu99;
				GCC_DYNAMIC_NO_PIC = NO;
				GCC_NO_COMMON_BLOCKS = YES;
				GCC_OPTIMIZATION_LEVEL = 0;
				GCC_PREPROCESSOR_DEFINITIONS = (
					"DEBUG=1",
					"$(inherited)",
				);
				GCC_WARN_64_TO_32_BIT_CONVERSION = YES;
				GCC_WARN_ABOUT_RETURN_TYPE = YES_ERROR;
				GCC_WARN_UNDECLARED_SELECTOR = YES;
				GCC_WARN_UNINITIALIZED_AUTOS = YES_AGGRESSIVE;
				GCC_WARN_UNUSED_FUNCTION = YES;
				GCC_WARN_UNUSED_VARIABLE = YES;
				IPHONEOS_DEPLOYMENT_TARGET = 10.3;
				MTL_ENABLE_DEBUG_INFO = YES;
				ONLY_ACTIVE_ARCH = YES;
				SDKROOT = iphoneos;
			};
			name = Debug;
		};
		D478053C1F2CBC6F00CE24E1 /* Release */ = {
			isa = XCBuildConfiguration;
			buildSettings = {
				ALWAYS_SEARCH_USER_PATHS = NO;
				CLANG_ANALYZER_NONNULL = YES;
				CLANG_ANALYZER_NUMBER_OBJECT_CONVERSION = YES_AGGRESSIVE;
				CLANG_CXX_LANGUAGE_STANDARD = "gnu++0x";
				CLANG_CXX_LIBRARY = "libc++";
				CLANG_ENABLE_MODULES = YES;
				CLANG_ENABLE_OBJC_ARC = YES;
				CLANG_WARN_BOOL_CONVERSION = YES;
				CLANG_WARN_CONSTANT_CONVERSION = YES;
				CLANG_WARN_DIRECT_OBJC_ISA_USAGE = YES_ERROR;
				CLANG_WARN_DOCUMENTATION_COMMENTS = YES;
				CLANG_WARN_EMPTY_BODY = YES;
				CLANG_WARN_ENUM_CONVERSION = YES;
				CLANG_WARN_INFINITE_RECURSION = YES;
				CLANG_WARN_INT_CONVERSION = YES;
				CLANG_WARN_OBJC_ROOT_CLASS = YES_ERROR;
				CLANG_WARN_SUSPICIOUS_MOVE = YES;
				CLANG_WARN_UNREACHABLE_CODE = YES;
				CLANG_WARN__DUPLICATE_METHOD_MATCH = YES;
				"CODE_SIGN_IDENTITY[sdk=iphoneos*]" = "iPhone Developer";
				COPY_PHASE_STRIP = NO;
				DEBUG_INFORMATION_FORMAT = "dwarf-with-dsym";
				ENABLE_NS_ASSERTIONS = NO;
				ENABLE_STRICT_OBJC_MSGSEND = YES;
				GCC_C_LANGUAGE_STANDARD = gnu99;
				GCC_NO_COMMON_BLOCKS = YES;
				GCC_WARN_64_TO_32_BIT_CONVERSION = YES;
				GCC_WARN_ABOUT_RETURN_TYPE = YES_ERROR;
				GCC_WARN_UNDECLARED_SELECTOR = YES;
				GCC_WARN_UNINITIALIZED_AUTOS = YES_AGGRESSIVE;
				GCC_WARN_UNUSED_FUNCTION = YES;
				GCC_WARN_UNUSED_VARIABLE = YES;
				IPHONEOS_DEPLOYMENT_TARGET = 10.3;
				MTL_ENABLE_DEBUG_INFO = NO;
				SDKROOT = iphoneos;
				VALIDATE_PRODUCT = YES;
			};
			name = Release;
		};
		D478053E1F2CBC6F00CE24E1 /* Debug */ = {
			isa = XCBuildConfiguration;
			buildSettings = {
				ASSETCATALOG_COMPILER_APPICON_NAME = AppIcon;
				DEVELOPMENT_TEAM = "";
				GCC_PREFIX_HEADER = iBackPack/PrefixHeader.pch;
				INFOPLIST_FILE = iBackPack/Info.plist;
				LD_RUNPATH_SEARCH_PATHS = "$(inherited) @executable_path/Frameworks";
				PRODUCT_BUNDLE_IDENTIFIER = com.stardeep.iBackPack;
				PRODUCT_NAME = "$(TARGET_NAME)";
				PROVISIONING_PROFILE_SPECIFIER = "";
			};
			name = Debug;
		};
		D478053F1F2CBC6F00CE24E1 /* Release */ = {
			isa = XCBuildConfiguration;
			buildSettings = {
				ASSETCATALOG_COMPILER_APPICON_NAME = AppIcon;
				DEVELOPMENT_TEAM = "";
				GCC_PREFIX_HEADER = iBackPack/PrefixHeader.pch;
				INFOPLIST_FILE = iBackPack/Info.plist;
				LD_RUNPATH_SEARCH_PATHS = "$(inherited) @executable_path/Frameworks";
				PRODUCT_BUNDLE_IDENTIFIER = com.stardeep.iBackPack;
				PRODUCT_NAME = "$(TARGET_NAME)";
				PROVISIONING_PROFILE_SPECIFIER = "";
			};
			name = Release;
		};
		D47805411F2CBC6F00CE24E1 /* Debug */ = {
			isa = XCBuildConfiguration;
			buildSettings = {
				BUNDLE_LOADER = "$(TEST_HOST)";
				DEVELOPMENT_TEAM = CZA6DXR72T;
				INFOPLIST_FILE = iBackPackTests/Info.plist;
				LD_RUNPATH_SEARCH_PATHS = "$(inherited) @executable_path/Frameworks @loader_path/Frameworks";
				PRODUCT_BUNDLE_IDENTIFIER = com.stardeep.iBackPackTests;
				PRODUCT_NAME = "$(TARGET_NAME)";
				TEST_HOST = "$(BUILT_PRODUCTS_DIR)/iBackPack.app/iBackPack";
			};
			name = Debug;
		};
		D47805421F2CBC6F00CE24E1 /* Release */ = {
			isa = XCBuildConfiguration;
			buildSettings = {
				BUNDLE_LOADER = "$(TEST_HOST)";
				DEVELOPMENT_TEAM = CZA6DXR72T;
				INFOPLIST_FILE = iBackPackTests/Info.plist;
				LD_RUNPATH_SEARCH_PATHS = "$(inherited) @executable_path/Frameworks @loader_path/Frameworks";
				PRODUCT_BUNDLE_IDENTIFIER = com.stardeep.iBackPackTests;
				PRODUCT_NAME = "$(TARGET_NAME)";
				TEST_HOST = "$(BUILT_PRODUCTS_DIR)/iBackPack.app/iBackPack";
			};
			name = Release;
		};
		D47805441F2CBC6F00CE24E1 /* Debug */ = {
			isa = XCBuildConfiguration;
			buildSettings = {
				DEVELOPMENT_TEAM = CZA6DXR72T;
				INFOPLIST_FILE = iBackPackUITests/Info.plist;
				LD_RUNPATH_SEARCH_PATHS = "$(inherited) @executable_path/Frameworks @loader_path/Frameworks";
				PRODUCT_BUNDLE_IDENTIFIER = com.stardeep.iBackPackUITests;
				PRODUCT_NAME = "$(TARGET_NAME)";
				TEST_TARGET_NAME = iBackPack;
			};
			name = Debug;
		};
		D47805451F2CBC6F00CE24E1 /* Release */ = {
			isa = XCBuildConfiguration;
			buildSettings = {
				DEVELOPMENT_TEAM = CZA6DXR72T;
				INFOPLIST_FILE = iBackPackUITests/Info.plist;
				LD_RUNPATH_SEARCH_PATHS = "$(inherited) @executable_path/Frameworks @loader_path/Frameworks";
				PRODUCT_BUNDLE_IDENTIFIER = com.stardeep.iBackPackUITests;
				PRODUCT_NAME = "$(TARGET_NAME)";
				TEST_TARGET_NAME = iBackPack;
			};
			name = Release;
		};
/* End XCBuildConfiguration section */

/* Begin XCConfigurationList section */
		D478050B1F2CBC6E00CE24E1 /* Build configuration list for PBXProject "iBackPack" */ = {
			isa = XCConfigurationList;
			buildConfigurations = (
				D478053B1F2CBC6F00CE24E1 /* Debug */,
				D478053C1F2CBC6F00CE24E1 /* Release */,
			);
			defaultConfigurationIsVisible = 0;
			defaultConfigurationName = Release;
		};
		D478053D1F2CBC6F00CE24E1 /* Build configuration list for PBXNativeTarget "iBackPack" */ = {
			isa = XCConfigurationList;
			buildConfigurations = (
				D478053E1F2CBC6F00CE24E1 /* Debug */,
				D478053F1F2CBC6F00CE24E1 /* Release */,
			);
			defaultConfigurationIsVisible = 0;
		};
		D47805401F2CBC6F00CE24E1 /* Build configuration list for PBXNativeTarget "iBackPackTests" */ = {
			isa = XCConfigurationList;
			buildConfigurations = (
				D47805411F2CBC6F00CE24E1 /* Debug */,
				D47805421F2CBC6F00CE24E1 /* Release */,
			);
			defaultConfigurationIsVisible = 0;
		};
		D47805431F2CBC6F00CE24E1 /* Build configuration list for PBXNativeTarget "iBackPackUITests" */ = {
			isa = XCConfigurationList;
			buildConfigurations = (
				D47805441F2CBC6F00CE24E1 /* Debug */,
				D47805451F2CBC6F00CE24E1 /* Release */,
			);
			defaultConfigurationIsVisible = 0;
		};
/* End XCConfigurationList section */
	};
	rootObject = D47805081F2CBC6E00CE24E1 /* Project object */;
}
